
Microsoft Visual Studio Solution File, Format Version 12.00
# Visual Studio Version 17
VisualStudioVersion = 17.11.35312.102
MinimumVisualStudioVersion = 10.0.40219.1
Project("{2150E333-8FDC-42A3-9474-1A3956D46DE8}") = "API", "API", "{DF7F036D-6E9E-4FDB-8F8B-77793676ABE9}"
EndProject
Project("{FAE04EC0-301F-11D3-BF4B-00C04F79EFBC}") = "StoryApp", "StoryApp\StoryApp.csproj", "{44026EC8-75FA-432B-9E71-8676D2B280BD}"
EndProject
Global
	GlobalSection(SolutionConfigurationPlatforms) = preSolution
		Debug|Any CPU = Debug|Any CPU
		Release|Any CPU = Release|Any CPU
	EndGlobalSection
	GlobalSection(ProjectConfigurationPlatforms) = postSolution
		{44026EC8-75FA-432B-9E71-8676D2B280BD}.Debug|Any CPU.ActiveCfg = Debug|Any CPU
		{44026EC8-75FA-432B-9E71-8676D2B280BD}.Debug|Any CPU.Build.0 = Debug|Any CPU
		{44026EC8-75FA-432B-9E71-8676D2B280BD}.Release|Any CPU.ActiveCfg = Release|Any CPU
		{44026EC8-75FA-432B-9E71-8676D2B280BD}.Release|Any CPU.Build.0 = Release|Any CPU
	EndGlobalSection
	GlobalSection(SolutionProperties) = preSolution
		HideSolutionNode = FALSE
	EndGlobalSection
	GlobalSection(NestedProjects) = preSolution
		{44026EC8-75FA-432B-9E71-8676D2B280BD} = {DF7F036D-6E9E-4FDB-8F8B-77793676ABE9}
	EndGlobalSection
	GlobalSection(ExtensibilityGlobals) = postSolution
		SolutionGuid = {1558D0D1-E44A-4FA2-BB10-33616E72C034}
	EndGlobalSection
EndGlobal
